
Microsoft Visual Studio Solution File, Format Version 12.00
# Visual Studio Version 17
VisualStudioVersion = 17.7.34031.279
MinimumVisualStudioVersion = 10.0.40219.1
Project("{FAE04EC0-301F-11D3-BF4B-00C04F79EFBC}") = "Thhe Switch Satements", "Thhe Switch Satements.csproj", "{6F88C8CB-9A46-4CDA-AC96-E7B6C87B386D}"
EndProject
Global
	GlobalSection(SolutionConfigurationPlatforms) = preSolution
		Debug|Any CPU = Debug|Any CPU
		Release|Any CPU = Release|Any CPU
	EndGlobalSection
	GlobalSection(ProjectConfigurationPlatforms) = postSolution
		{6F88C8CB-9A46-4CDA-AC96-E7B6C87B386D}.Debug|Any CPU.ActiveCfg = Debug|Any CPU
		{6F88C8CB-9A46-4CDA-AC96-E7B6C87B386D}.Debug|Any CPU.Build.0 = Debug|Any CPU
		{6F88C8CB-9A46-4CDA-AC96-E7B6C87B386D}.Release|Any CPU.ActiveCfg = Release|Any CPU
		{6F88C8CB-9A46-4CDA-AC96-E7B6C87B386D}.Release|Any CPU.Build.0 = Release|Any CPU
	EndGlobalSection
	GlobalSection(SolutionProperties) = preSolution
		HideSolutionNode = FALSE
	EndGlobalSection
	GlobalSection(ExtensibilityGlobals) = postSolution
		SolutionGuid = {CA9CB2D0-10BA-44AC-BD19-F0BCA4324F4A}
	EndGlobalSection
EndGlobal
